terraform-docs darwin c116f09a64e121d37edf83d93fef784035b4809a7ffef1eee5e4dc440629e3b7
packer darwin dab5ab9d4801da5206755856bc3f026942ce18391419202a1b0b442c1c2e591d
terraform-docs linux ceb4e7f291d43a5f7672f7ca9543075554bacd02cf850e6402e74f18fbf28f7e
packer linux c7277f64d217c7d9ccfd936373fe352ea935454837363293f8668f9e42d8d99d
terraform-12 darwin fdcda98ff7b7e65832248f64ef6c2922e05036de25d40c5cdcd732c5117150aa
terraform-13 darwin 080af0420732cd08941aa4c0d2b4693056b24366724faa11b107bf052f7de203
terraform-12 linux 872245d9c6302b24dc0d98a1e010aef1e4ef60865a2d1f60102c8ad03e9d5a1d
terraform-13 linux 9ed437560faf084c18716e289ea712c784a514bdd7f2796549c735d439dbe378
